
Microsoft Visual Studio Solution File, Format Version 12.00
# Visual Studio 14
VisualStudioVersion = 14.0.24720.0
MinimumVisualStudioVersion = 10.0.40219.1
Project("{FAE04EC0-301F-11D3-BF4B-00C04F79EFBC}") = "WarApi", "WarApi\WarApi.csproj", "{6B94C655-39B7-4B59-8824-4B9BE16CAB76}"
EndProject
Project("{FAE04EC0-301F-11D3-BF4B-00C04F79EFBC}") = "WarApi.Tests", "WarApi.Tests\WarApi.Tests.csproj", "{59AECE5C-3375-43BD-BC1C-4E7E49A91737}"
EndProject
Project("{FAE04EC0-301F-11D3-BF4B-00C04F79EFBC}") = "War", "War\War.csproj", "{7AC0B4E7-CEAE-45BD-919E-2637AF009DF2}"
EndProject
Project("{FAE04EC0-301F-11D3-BF4B-00C04F79EFBC}") = "War.Tests", "War.Tests\War.Tests.csproj", "{F120C543-BBF4-4BDB-85CD-DA877DC3BCA3}"
EndProject
Project("{FAE04EC0-301F-11D3-BF4B-00C04F79EFBC}") = "War.Sql", "War.Sql\War.Sql.csproj", "{40350233-E033-4C92-8CD8-7CD84E35DFE5}"
EndProject
Project("{FAE04EC0-301F-11D3-BF4B-00C04F79EFBC}") = "War.Sql.Tests", "War.Sql.Tests\War.Sql.Tests.csproj", "{F94E7184-B7C4-494B-910C-D5DC36660F8E}"
EndProject
Global
	GlobalSection(SolutionConfigurationPlatforms) = preSolution
		Debug|Any CPU = Debug|Any CPU
		Release|Any CPU = Release|Any CPU
	EndGlobalSection
	GlobalSection(ProjectConfigurationPlatforms) = postSolution
		{6B94C655-39B7-4B59-8824-4B9BE16CAB76}.Debug|Any CPU.ActiveCfg = Debug|Any CPU
		{6B94C655-39B7-4B59-8824-4B9BE16CAB76}.Debug|Any CPU.Build.0 = Debug|Any CPU
		{6B94C655-39B7-4B59-8824-4B9BE16CAB76}.Release|Any CPU.ActiveCfg = Release|Any CPU
		{6B94C655-39B7-4B59-8824-4B9BE16CAB76}.Release|Any CPU.Build.0 = Release|Any CPU
		{59AECE5C-3375-43BD-BC1C-4E7E49A91737}.Debug|Any CPU.ActiveCfg = Debug|Any CPU
		{59AECE5C-3375-43BD-BC1C-4E7E49A91737}.Debug|Any CPU.Build.0 = Debug|Any CPU
		{59AECE5C-3375-43BD-BC1C-4E7E49A91737}.Release|Any CPU.ActiveCfg = Release|Any CPU
		{59AECE5C-3375-43BD-BC1C-4E7E49A91737}.Release|Any CPU.Build.0 = Release|Any CPU
		{7AC0B4E7-CEAE-45BD-919E-2637AF009DF2}.Debug|Any CPU.ActiveCfg = Debug|Any CPU
		{7AC0B4E7-CEAE-45BD-919E-2637AF009DF2}.Debug|Any CPU.Build.0 = Debug|Any CPU
		{7AC0B4E7-CEAE-45BD-919E-2637AF009DF2}.Release|Any CPU.ActiveCfg = Release|Any CPU
		{7AC0B4E7-CEAE-45BD-919E-2637AF009DF2}.Release|Any CPU.Build.0 = Release|Any CPU
		{F120C543-BBF4-4BDB-85CD-DA877DC3BCA3}.Debug|Any CPU.ActiveCfg = Debug|Any CPU
		{F120C543-BBF4-4BDB-85CD-DA877DC3BCA3}.Debug|Any CPU.Build.0 = Debug|Any CPU
		{F120C543-BBF4-4BDB-85CD-DA877DC3BCA3}.Release|Any CPU.ActiveCfg = Release|Any CPU
		{F120C543-BBF4-4BDB-85CD-DA877DC3BCA3}.Release|Any CPU.Build.0 = Release|Any CPU
		{40350233-E033-4C92-8CD8-7CD84E35DFE5}.Debug|Any CPU.ActiveCfg = Debug|Any CPU
		{40350233-E033-4C92-8CD8-7CD84E35DFE5}.Debug|Any CPU.Build.0 = Debug|Any CPU
		{40350233-E033-4C92-8CD8-7CD84E35DFE5}.Release|Any CPU.ActiveCfg = Release|Any CPU
		{40350233-E033-4C92-8CD8-7CD84E35DFE5}.Release|Any CPU.Build.0 = Release|Any CPU
		{F94E7184-B7C4-494B-910C-D5DC36660F8E}.Debug|Any CPU.ActiveCfg = Debug|Any CPU
		{F94E7184-B7C4-494B-910C-D5DC36660F8E}.Debug|Any CPU.Build.0 = Debug|Any CPU
		{F94E7184-B7C4-494B-910C-D5DC36660F8E}.Release|Any CPU.ActiveCfg = Release|Any CPU
		{F94E7184-B7C4-494B-910C-D5DC36660F8E}.Release|Any CPU.Build.0 = Release|Any CPU
	EndGlobalSection
	GlobalSection(SolutionProperties) = preSolution
		HideSolutionNode = FALSE
	EndGlobalSection
EndGlobal
